// !$*UTF8*$!
{
	archiveVersion = 1;
	classes = {
	};
	objectVersion = 46;
	objects = {

/* Begin PBXBuildFile section */
		D0B66CD61C6D2A2000B2A476 /* AppDelegate.swift in Sources */ = {isa = PBXBuildFile; fileRef = D0B66CD51C6D2A2000B2A476 /* AppDelegate.swift */; };
		D0B66CD81C6D2A2000B2A476 /* ViewController.swift in Sources */ = {isa = PBXBuildFile; fileRef = D0B66CD71C6D2A2000B2A476 /* ViewController.swift */; };
		D0B66CDB1C6D2A2000B2A476 /* Main.storyboard in Resources */ = {isa = PBXBuildFile; fileRef = D0B66CD91C6D2A2000B2A476 /* Main.storyboard */; };
		D0B66CDD1C6D2A2000B2A476 /* Assets.xcassets in Resources */ = {isa = PBXBuildFile; fileRef = D0B66CDC1C6D2A2000B2A476 /* Assets.xcassets */; };
		D0B66CE01C6D2A2000B2A476 /* LaunchScreen.storyboard in Resources */ = {isa = PBXBuildFile; fileRef = D0B66CDE1C6D2A2000B2A476 /* LaunchScreen.storyboard */; };
		D0B66CEB1C6D2A2000B2A476 /* Clap1Tests.swift in Sources */ = {isa = PBXBuildFile; fileRef = D0B66CEA1C6D2A2000B2A476 /* Clap1Tests.swift */; };
		D0B66CF61C6D2A2000B2A476 /* Clap1UITests.swift in Sources */ = {isa = PBXBuildFile; fileRef = D0B66CF51C6D2A2000B2A476 /* Clap1UITests.swift */; };
		D0B66D051C6D2A8000B2A476 /* clap-button.png in Resources */ = {isa = PBXBuildFile; fileRef = D0B66D031C6D2A8000B2A476 /* clap-button.png */; };
		D0B66D061C6D2A8000B2A476 /* clap.wav in Resources */ = {isa = PBXBuildFile; fileRef = D0B66D041C6D2A8000B2A476 /* clap.wav */; };
/* End PBXBuildFile section */

/* Begin PBXContainerItemProxy section */
		D0B66CE71C6D2A2000B2A476 /* PBXContainerItemProxy */ = {
			isa = PBXContainerItemProxy;
			containerPortal = D0B66CCA1C6D2A2000B2A476 /* Project object */;
			proxyType = 1;
			remoteGlobalIDString = D0B66CD11C6D2A2000B2A476;
			remoteInfo = Clap1;
		};
		D0B66CF21C6D2A2000B2A476 /* PBXContainerItemProxy */ = {
			isa = PBXContainerItemProxy;
			containerPortal = D0B66CCA1C6D2A2000B2A476 /* Project object */;
			proxyType = 1;
			remoteGlobalIDString = D0B66CD11C6D2A2000B2A476;
			remoteInfo = Clap1;
		};
/* End PBXContainerItemProxy section */

/* Begin PBXFileReference section */
		D0B66CD21C6D2A2000B2A476 /* Clap1.app */ = {isa = PBXFileReference; explicitFileType = wrapper.application; includeInIndex = 0; path = Clap1.app; sourceTree = BUILT_PRODUCTS_DIR; };
		D0B66CD51C6D2A2000B2A476 /* AppDelegate.swift */ = {isa = PBXFileReference; lastKnownFileType = sourcecode.swift; path = AppDelegate.swift; sourceTree = "<group>"; };
		D0B66CD71C6D2A2000B2A476 /* ViewController.swift */ = {isa = PBXFileReference; lastKnownFileType = sourcecode.swift; path = ViewController.swift; sourceTree = "<group>"; };
		D0B66CDA1C6D2A2000B2A476 /* Base */ = {isa = PBXFileReference; lastKnownFileType = file.storyboard; name = Base; path = Base.lproj/Main.storyboard; sourceTree = "<group>"; };
		D0B66CDC1C6D2A2000B2A476 /* Assets.xcassets */ = {isa = PBXFileReference; lastKnownFileType = folder.assetcatalog; path = Assets.xcassets; sourceTree = "<group>"; };
		D0B66CDF1C6D2A2000B2A476 /* Base */ = {isa = PBXFileReference; lastKnownFileType = file.storyboard; name = Base; path = Base.lproj/LaunchScreen.storyboard; sourceTree = "<group>"; };
		D0B66CE11C6D2A2000B2A476 /* Info.plist */ = {isa = PBXFileReference; lastKnownFileType = text.plist.xml; path = Info.plist; sourceTree = "<group>"; };
		D0B66CE61C6D2A2000B2A476 /* Clap1Tests.xctest */ = {isa = PBXFileReference; explicitFileType = wrapper.cfbundle; includeInIndex = 0; path = Clap1Tests.xctest; sourceTree = BUILT_PRODUCTS_DIR; };
		D0B66CEA1C6D2A2000B2A476 /* Clap1Tests.swift */ = {isa = PBXFileReference; lastKnownFileType = sourcecode.swift; path = Clap1Tests.swift; sourceTree = "<group>"; };
		D0B66CEC1C6D2A2000B2A476 /* Info.plist */ = {isa = PBXFileReference; lastKnownFileType = text.plist.xml; path = Info.plist; sourceTree = "<group>"; };
		D0B66CF11C6D2A2000B2A476 /* Clap1UITests.xctest */ = {isa = PBXFileReference; explicitFileType = wrapper.cfbundle; includeInIndex = 0; path = Clap1UITests.xctest; sourceTree = BUILT_PRODUCTS_DIR; };
		D0B66CF51C6D2A2000B2A476 /* Clap1UITests.swift */ = {isa = PBXFileReference; lastKnownFileType = sourcecode.swift; path = Clap1UITests.swift; sourceTree = "<group>"; };
		D0B66CF71C6D2A2000B2A476 /* Info.plist */ = {isa = PBXFileReference; lastKnownFileType = text.plist.xml; path = Info.plist; sourceTree = "<group>"; };
		D0B66D031C6D2A8000B2A476 /* clap-button.png */ = {isa = PBXFileReference; lastKnownFileType = image.png; path = "clap-button.png"; sourceTree = "<group>"; };
		D0B66D041C6D2A8000B2A476 /* clap.wav */ = {isa = PBXFileReference; lastKnownFileType = audio.wav; path = clap.wav; sourceTree = "<group>"; };
/* End PBXFileReference section */

/* Begin PBXFrameworksBuildPhase section */
		D0B66CCF1C6D2A2000B2A476 /* Frameworks */ = {
			isa = PBXFrameworksBuildPhase;
			buildActionMask = 2147483647;
			files = (
			);
			runOnlyForDeploymentPostprocessing = 0;
		};
		D0B66CE31C6D2A2000B2A476 /* Frameworks */ = {
			isa = PBXFrameworksBuildPhase;
			buildActionMask = 2147483647;
			files = (
			);
			runOnlyForDeploymentPostprocessing = 0;
		};
		D0B66CEE1C6D2A2000B2A476 /* Frameworks */ = {
			isa = PBXFrameworksBuildPhase;
			buildActionMask = 2147483647;
			files = (
			);
			runOnlyForDeploymentPostprocessing = 0;
		};
/* End PBXFrameworksBuildPhase section */

/* Begin PBXGroup section */
		D0B66CC91C6D2A2000B2A476 = {
			isa = PBXGroup;
			children = (
				D0B66CD41C6D2A2000B2A476 /* Clap1 */,
				D0B66CE91C6D2A2000B2A476 /* Clap1Tests */,
				D0B66CF41C6D2A2000B2A476 /* Clap1UITests */,
				D0B66CD31C6D2A2000B2A476 /* Products */,
			);
			sourceTree = "<group>";
		};
		D0B66CD31C6D2A2000B2A476 /* Products */ = {
			isa = PBXGroup;
			children = (
				D0B66CD21C6D2A2000B2A476 /* Clap1.app */,
				D0B66CE61C6D2A2000B2A476 /* Clap1Tests.xctest */,
				D0B66CF11C6D2A2000B2A476 /* Clap1UITests.xctest */,
			);
			name = Products;
			sourceTree = "<group>";
		};
		D0B66CD41C6D2A2000B2A476 /* Clap1 */ = {
			isa = PBXGroup;
			children = (
				D0B66D031C6D2A8000B2A476 /* clap-button.png */,
				D0B66D041C6D2A8000B2A476 /* clap.wav */,
				D0B66CD51C6D2A2000B2A476 /* AppDelegate.swift */,
				D0B66CD71C6D2A2000B2A476 /* ViewController.swift */,
				D0B66CD91C6D2A2000B2A476 /* Main.storyboard */,
				D0B66CDC1C6D2A2000B2A476 /* Assets.xcassets */,
				D0B66CDE1C6D2A2000B2A476 /* LaunchScreen.storyboard */,
				D0B66CE11C6D2A2000B2A476 /* Info.plist */,
			);
			path = Clap1;
			sourceTree = "<group>";
		};
		D0B66CE91C6D2A2000B2A476 /* Clap1Tests */ = {
			isa = PBXGroup;
			children = (
				D0B66CEA1C6D2A2000B2A476 /* Clap1Tests.swift */,
				D0B66CEC1C6D2A2000B2A476 /* Info.plist */,
			);
			path = Clap1Tests;
			sourceTree = "<group>";
		};
		D0B66CF41C6D2A2000B2A476 /* Clap1UITests */ = {
			isa = PBXGroup;
			children = (
				D0B66CF51C6D2A2000B2A476 /* Clap1UITests.swift */,
				D0B66CF71C6D2A2000B2A476 /* Info.plist */,
			);
			path = Clap1UITests;
			sourceTree = "<group>";
		};
/* End PBXGroup section */

/* Begin PBXNativeTarget section */
		D0B66CD11C6D2A2000B2A476 /* Clap1 */ = {
			isa = PBXNativeTarget;
			buildConfigurationList = D0B66CFA1C6D2A2000B2A476 /* Build configuration list for PBXNativeTarget "Clap1" */;
			buildPhases = (
				D0B66CCE1C6D2A2000B2A476 /* Sources */,
				D0B66CCF1C6D2A2000B2A476 /* Frameworks */,
				D0B66CD01C6D2A2000B2A476 /* Resources */,
			);
			buildRules = (
			);
			dependencies = (
			);
			name = Clap1;
			productName = Clap1;
			productReference = D0B66CD21C6D2A2000B2A476 /* Clap1.app */;
			productType = "com.apple.product-type.application";
		};
		D0B66CE51C6D2A2000B2A476 /* Clap1Tests */ = {
			isa = PBXNativeTarget;
			buildConfigurationList = D0B66CFD1C6D2A2000B2A476 /* Build configuration list for PBXNativeTarget "Clap1Tests" */;
			buildPhases = (
				D0B66CE21C6D2A2000B2A476 /* Sources */,
				D0B66CE31C6D2A2000B2A476 /* Frameworks */,
				D0B66CE41C6D2A2000B2A476 /* Resources */,
			);
			buildRules = (
			);
			dependencies = (
				D0B66CE81C6D2A2000B2A476 /* PBXTargetDependency */,
			);
			name = Clap1Tests;
			productName = Clap1Tests;
			productReference = D0B66CE61C6D2A2000B2A476 /* Clap1Tests.xctest */;
			productType = "com.apple.product-type.bundle.unit-test";
		};
		D0B66CF01C6D2A2000B2A476 /* Clap1UITests */ = {
			isa = PBXNativeTarget;
			buildConfigurationList = D0B66D001C6D2A2000B2A476 /* Build configuration list for PBXNativeTarget "Clap1UITests" */;
			buildPhases = (
				D0B66CED1C6D2A2000B2A476 /* Sources */,
				D0B66CEE1C6D2A2000B2A476 /* Frameworks */,
				D0B66CEF1C6D2A2000B2A476 /* Resources */,
			);
			buildRules = (
			);
			dependencies = (
				D0B66CF31C6D2A2000B2A476 /* PBXTargetDependency */,
			);
			name = Clap1UITests;
			productName = Clap1UITests;
			productReference = D0B66CF11C6D2A2000B2A476 /* Clap1UITests.xctest */;
			productType = "com.apple.product-type.bundle.ui-testing";
		};
/* End PBXNativeTarget section */

/* Begin PBXProject section */
		D0B66CCA1C6D2A2000B2A476 /* Project object */ = {
			isa = PBXProject;
			attributes = {
				LastSwiftUpdateCheck = 0720;
				LastUpgradeCheck = 0720;
				ORGANIZATIONNAME = "SEKINE YURI";
				TargetAttributes = {
					D0B66CD11C6D2A2000B2A476 = {
						CreatedOnToolsVersion = 7.2.1;
						DevelopmentTeam = DYQ5RU68TK;
					};
					D0B66CE51C6D2A2000B2A476 = {
						CreatedOnToolsVersion = 7.2.1;
						DevelopmentTeam = DYQ5RU68TK;
						TestTargetID = D0B66CD11C6D2A2000B2A476;
					};
					D0B66CF01C6D2A2000B2A476 = {
						CreatedOnToolsVersion = 7.2.1;
						DevelopmentTeam = DYQ5RU68TK;
						TestTargetID = D0B66CD11C6D2A2000B2A476;
					};
				};
			};
			buildConfigurationList = D0B66CCD1C6D2A2000B2A476 /* Build configuration list for PBXProject "Clap1" */;
			compatibilityVersion = "Xcode 3.2";
			developmentRegion = English;
			hasScannedForEncodings = 0;
			knownRegions = (
				en,
				Base,
			);
			mainGroup = D0B66CC91C6D2A2000B2A476;
			productRefGroup = D0B66CD31C6D2A2000B2A476 /* Products */;
			projectDirPath = "";
			projectRoot = "";
			targets = (
				D0B66CD11C6D2A2000B2A476 /* Clap1 */,
				D0B66CE51C6D2A2000B2A476 /* Clap1Tests */,
				D0B66CF01C6D2A2000B2A476 /* Clap1UITests */,
			);
		};
/* End PBXProject section */

/* Begin PBXResourcesBuildPhase section */
		D0B66CD01C6D2A2000B2A476 /* Resources */ = {
			isa = PBXResourcesBuildPhase;
			buildActionMask = 2147483647;
			files = (
				D0B66D061C6D2A8000B2A476 /* clap.wav in Resources */,
				D0B66CE01C6D2A2000B2A476 /* LaunchScreen.storyboard in Resources */,
				D0B66CDD1C6D2A2000B2A476 /* Assets.xcassets in Resources */,
				D0B66CDB1C6D2A2000B2A476 /* Main.storyboard in Resources */,
				D0B66D051C6D2A8000B2A476 /* clap-button.png in Resources */,
			);
			runOnlyForDeploymentPostprocessing = 0;
		};
		D0B66CE41C6D2A2000B2A476 /* Resources */ = {
			isa = PBXResourcesBuildPhase;
			buildActionMask = 2147483647;
			files = (
			);
			runOnlyForDeploymentPostprocessing = 0;
		};
		D0B66CEF1C6D2A2000B2A476 /* Resources */ = {
			isa = PBXResourcesBuildPhase;
			buildActionMask = 2147483647;
			files = (
			);
			runOnlyForDeploymentPostprocessing = 0;
		};
/* End PBXResourcesBuildPhase section */

/* Begin PBXSourcesBuildPhase section */
		D0B66CCE1C6D2A2000B2A476 /* Sources */ = {
			isa = PBXSourcesBuildPhase;
			buildActionMask = 2147483647;
			files = (
				D0B66CD81C6D2A2000B2A476 /* ViewController.swift in Sources */,
				D0B66CD61C6D2A2000B2A476 /* AppDelegate.swift in Sources */,
			);
			runOnlyForDeploymentPostprocessing = 0;
		};
		D0B66CE21C6D2A2000B2A476 /* Sources */ = {
			isa = PBXSourcesBuildPhase;
			buildActionMask = 2147483647;
			files = (
				D0B66CEB1C6D2A2000B2A476 /* Clap1Tests.swift in Sources */,
			);
			runOnlyForDeploymentPostprocessing = 0;
		};
		D0B66CED1C6D2A2000B2A476 /* Sources */ = {
			isa = PBXSourcesBuildPhase;
			buildActionMask = 2147483647;
			files = (
				D0B66CF61C6D2A2000B2A476 /* Clap1UITests.swift in Sources */,
			);
			runOnlyForDeploymentPostprocessing = 0;
		};
/* End PBXSourcesBuildPhase section */

/* Begin PBXTargetDependency section */
		D0B66CE81C6D2A2000B2A476 /* PBXTargetDependency */ = {
			isa = PBXTargetDependency;
			target = D0B66CD11C6D2A2000B2A476 /* Clap1 */;
			targetProxy = D0B66CE71C6D2A2000B2A476 /* PBXContainerItemProxy */;
		};
		D0B66CF31C6D2A2000B2A476 /* PBXTargetDependency */ = {
			isa = PBXTargetDependency;
			target = D0B66CD11C6D2A2000B2A476 /* Clap1 */;
			targetProxy = D0B66CF21C6D2A2000B2A476 /* PBXContainerItemProxy */;
		};
/* End PBXTargetDependency section */

/* Begin PBXVariantGroup section */
		D0B66CD91C6D2A2000B2A476 /* Main.storyboard */ = {
			isa = PBXVariantGroup;
			children = (
				D0B66CDA1C6D2A2000B2A476 /* Base */,
			);
			name = Main.storyboard;
			sourceTree = "<group>";
		};
		D0B66CDE1C6D2A2000B2A476 /* LaunchScreen.storyboard */ = {
			isa = PBXVariantGroup;
			children = (
				D0B66CDF1C6D2A2000B2A476 /* Base */,
			);
			name = LaunchScreen.storyboard;
			sourceTree = "<group>";
		};
/* End PBXVariantGroup section */

/* Begin XCBuildConfiguration section */
		D0B66CF81C6D2A2000B2A476 /* Debug */ = {
			isa = XCBuildConfiguration;
			buildSettings = {
				ALWAYS_SEARCH_USER_PATHS = NO;
				CLANG_CXX_LANGUAGE_STANDARD = "gnu++0x";
				CLANG_CXX_LIBRARY = "libc++";
				CLANG_ENABLE_MODULES = YES;
				CLANG_ENABLE_OBJC_ARC = YES;
				CLANG_WARN_BOOL_CONVERSION = YES;
				CLANG_WARN_CONSTANT_CONVERSION = YES;
				CLANG_WARN_DIRECT_OBJC_ISA_USAGE = YES_ERROR;
				CLANG_WARN_EMPTY_BODY = YES;
				CLANG_WARN_ENUM_CONVERSION = YES;
				CLANG_WARN_INT_CONVERSION = YES;
				CLANG_WARN_OBJC_ROOT_CLASS = YES_ERROR;
				CLANG_WARN_UNREACHABLE_CODE = YES;
				CLANG_WARN__DUPLICATE_METHOD_MATCH = YES;
				"CODE_SIGN_IDENTITY[sdk=iphoneos*]" = "iPhone Developer";
				COPY_PHASE_STRIP = NO;
				DEBUG_INFORMATION_FORMAT = dwarf;
				ENABLE_STRICT_OBJC_MSGSEND = YES;
				ENABLE_TESTABILITY = YES;
				GCC_C_LANGUAGE_STANDARD = gnu99;
				GCC_DYNAMIC_NO_PIC = NO;
				GCC_NO_COMMON_BLOCKS = YES;
				GCC_OPTIMIZATION_LEVEL = 0;
				GCC_PREPROCESSOR_DEFINITIONS = (
					"DEBUG=1",
					"$(inherited)",
				);
				GCC_WARN_64_TO_32_BIT_CONVERSION = YES;
				GCC_WARN_ABOUT_RETURN_TYPE = YES_ERROR;
				GCC_WARN_UNDECLARED_SELECTOR = YES;
				GCC_WARN_UNINITIALIZED_AUTOS = YES_AGGRESSIVE;
				GCC_WARN_UNUSED_FUNCTION = YES;
				GCC_WARN_UNUSED_VARIABLE = YES;
				IPHONEOS_DEPLOYMENT_TARGET = 9.2;
				MTL_ENABLE_DEBUG_INFO = YES;
				ONLY_ACTIVE_ARCH = YES;
				SDKROOT = iphoneos;
				SWIFT_OPTIMIZATION_LEVEL = "-Onone";
			};
			name = Debug;
		};
		D0B66CF91C6D2A2000B2A476 /* Release */ = {
			isa = XCBuildConfiguration;
			buildSettings = {
				ALWAYS_SEARCH_USER_PATHS = NO;
				CLANG_CXX_LANGUAGE_STANDARD = "gnu++0x";
				CLANG_CXX_LIBRARY = "libc++";
				CLANG_ENABLE_MODULES = YES;
				CLANG_ENABLE_OBJC_ARC = YES;
				CLANG_WARN_BOOL_CONVERSION = YES;
				CLANG_WARN_CONSTANT_CONVERSION = YES;
				CLANG_WARN_DIRECT_OBJC_ISA_USAGE = YES_ERROR;
				CLANG_WARN_EMPTY_BODY = YES;
				CLANG_WARN_ENUM_CONVERSION = YES;
				CLANG_WARN_INT_CONVERSION = YES;
				CLANG_WARN_OBJC_ROOT_CLASS = YES_ERROR;
				CLANG_WARN_UNREACHABLE_CODE = YES;
				CLANG_WARN__DUPLICATE_METHOD_MATCH = YES;
				"CODE_SIGN_IDENTITY[sdk=iphoneos*]" = "iPhone Developer";
				COPY_PHASE_STRIP = NO;
				DEBUG_INFORMATION_FORMAT = "dwarf-with-dsym";
				ENABLE_NS_ASSERTIONS = NO;
				ENABLE_STRICT_OBJC_MSGSEND = YES;
				GCC_C_LANGUAGE_STANDARD = gnu99;
				GCC_NO_COMMON_BLOCKS = YES;
				GCC_WARN_64_TO_32_BIT_CONVERSION = YES;
				GCC_WARN_ABOUT_RETURN_TYPE = YES_ERROR;
				GCC_WARN_UNDECLARED_SELECTOR = YES;
				GCC_WARN_UNINITIALIZED_AUTOS = YES_AGGRESSIVE;
				GCC_WARN_UNUSED_FUNCTION = YES;
				GCC_WARN_UNUSED_VARIABLE = YES;
				IPHONEOS_DEPLOYMENT_TARGET = 9.2;
				MTL_ENABLE_DEBUG_INFO = NO;
				SDKROOT = iphoneos;
				VALIDATE_PRODUCT = YES;
			};
			name = Release;
		};
		D0B66CFB1C6D2A2000B2A476 /* Debug */ = {
			isa = XCBuildConfiguration;
			buildSettings = {
				ASSETCATALOG_COMPILER_APPICON_NAME = AppIcon;
				INFOPLIST_FILE = Clap1/Info.plist;
				LD_RUNPATH_SEARCH_PATHS = "$(inherited) @executable_path/Frameworks";
				PRODUCT_BUNDLE_IDENTIFIER = com.sekine.Clap1;
				PRODUCT_NAME = "$(TARGET_NAME)";
			};
			name = Debug;
		};
		D0B66CFC1C6D2A2000B2A476 /* Release */ = {
			isa = XCBuildConfiguration;
			buildSettings = {
				ASSETCATALOG_COMPILER_APPICON_NAME = AppIcon;
				INFOPLIST_FILE = Clap1/Info.plist;
				LD_RUNPATH_SEARCH_PATHS = "$(inherited) @executable_path/Frameworks";
				PRODUCT_BUNDLE_IDENTIFIER = com.sekine.Clap1;
				PRODUCT_NAME = "$(TARGET_NAME)";
			};
			name = Release;
		};
		D0B66CFE1C6D2A2000B2A476 /* Debug */ = {
			isa = XCBuildConfiguration;
			buildSettings = {
				BUNDLE_LOADER = "$(TEST_HOST)";
				INFOPLIST_FILE = Clap1Tests/Info.plist;
				LD_RUNPATH_SEARCH_PATHS = "$(inherited) @executable_path/Frameworks @loader_path/Frameworks";
				PRODUCT_BUNDLE_IDENTIFIER = com.sekine.Clap1Tests;
				PRODUCT_NAME = "$(TARGET_NAME)";
				TEST_HOST = "$(BUILT_PRODUCTS_DIR)/Clap1.app/Clap1";
			};
			name = Debug;
		};
		D0B66CFF1C6D2A2000B2A476 /* Release */ = {
			isa = XCBuildConfiguration;
			buildSettings = {
				BUNDLE_LOADER = "$(TEST_HOST)";
				INFOPLIST_FILE = Clap1Tests/Info.plist;
				LD_RUNPATH_SEARCH_PATHS = "$(inherited) @executable_path/Frameworks @loader_path/Frameworks";
				PRODUCT_BUNDLE_IDENTIFIER = com.sekine.Clap1Tests;
				PRODUCT_NAME = "$(TARGET_NAME)";
				TEST_HOST = "$(BUILT_PRODUCTS_DIR)/Clap1.app/Clap1";
			};
			name = Release;
		};
		D0B66D011C6D2A2000B2A476 /* Debug */ = {
			isa = XCBuildConfiguration;
			buildSettings = {
				INFOPLIST_FILE = Clap1UITests/Info.plist;
				LD_RUNPATH_SEARCH_PATHS = "$(inherited) @executable_path/Frameworks @loader_path/Frameworks";
				PRODUCT_BUNDLE_IDENTIFIER = com.sekine.Clap1UITests;
				PRODUCT_NAME = "$(TARGET_NAME)";
				TEST_TARGET_NAME = Clap1;
				USES_XCTRUNNER = YES;
			};
			name = Debug;
		};
		D0B66D021C6D2A2000B2A476 /* Release */ = {
			isa = XCBuildConfiguration;
			buildSettings = {
				INFOPLIST_FILE = Clap1UITests/Info.plist;
				LD_RUNPATH_SEARCH_PATHS = "$(inherited) @executable_path/Frameworks @loader_path/Frameworks";
				PRODUCT_BUNDLE_IDENTIFIER = com.sekine.Clap1UITests;
				PRODUCT_NAME = "$(TARGET_NAME)";
				TEST_TARGET_NAME = Clap1;
				USES_XCTRUNNER = YES;
			};
			name = Release;
		};
/* End XCBuildConfiguration section */

/* Begin XCConfigurationList section */
		D0B66CCD1C6D2A2000B2A476 /* Build configuration list for PBXProject "Clap1" */ = {
			isa = XCConfigurationList;
			buildConfigurations = (
				D0B66CF81C6D2A2000B2A476 /* Debug */,
				D0B66CF91C6D2A2000B2A476 /* Release */,
			);
			defaultConfigurationIsVisible = 0;
			defaultConfigurationName = Release;
		};
		D0B66CFA1C6D2A2000B2A476 /* Build configuration list for PBXNativeTarget "Clap1" */ = {
			isa = XCConfigurationList;
			buildConfigurations = (
				D0B66CFB1C6D2A2000B2A476 /* Debug */,
				D0B66CFC1C6D2A2000B2A476 /* Release */,
			);
			defaultConfigurationIsVisible = 0;
		};
		D0B66CFD1C6D2A2000B2A476 /* Build configuration list for PBXNativeTarget "Clap1Tests" */ = {
			isa = XCConfigurationList;
			buildConfigurations = (
				D0B66CFE1C6D2A2000B2A476 /* Debug */,
				D0B66CFF1C6D2A2000B2A476 /* Release */,
			);
			defaultConfigurationIsVisible = 0;
		};
		D0B66D001C6D2A2000B2A476 /* Build configuration list for PBXNativeTarget "Clap1UITests" */ = {
			isa = XCConfigurationList;
			buildConfigurations = (
				D0B66D011C6D2A2000B2A476 /* Debug */,
				D0B66D021C6D2A2000B2A476 /* Release */,
			);
			defaultConfigurationIsVisible = 0;
		};
/* End XCConfigurationList section */
	};
	rootObject = D0B66CCA1C6D2A2000B2A476 /* Project object */;
}
